// !$*UTF8*$!
{
	archiveVersion = 1;
	classes = {
	};
	objectVersion = 56;
	objects = {

/* Begin PBXBuildFile section */
		47BD0CFF2932810E00104FF7 /* AfricaApp.swift in Sources */ = {isa = PBXBuildFile; fileRef = 47BD0CFE2932810E00104FF7 /* AfricaApp.swift */; };
		47BD0D012932810E00104FF7 /* ContentView.swift in Sources */ = {isa = PBXBuildFile; fileRef = 47BD0D002932810E00104FF7 /* ContentView.swift */; };
		47BD0D032932811000104FF7 /* Assets.xcassets in Resources */ = {isa = PBXBuildFile; fileRef = 47BD0D022932811000104FF7 /* Assets.xcassets */; };
		47BD0D062932811000104FF7 /* Preview Assets.xcassets in Resources */ = {isa = PBXBuildFile; fileRef = 47BD0D052932811000104FF7 /* Preview Assets.xcassets */; };
		47BD0D172932842E00104FF7 /* elephant.mp4 in Resources */ = {isa = PBXBuildFile; fileRef = 47BD0D0D2932842C00104FF7 /* elephant.mp4 */; };
		47BD0D182932842E00104FF7 /* rhino.mp4 in Resources */ = {isa = PBXBuildFile; fileRef = 47BD0D0E2932842D00104FF7 /* rhino.mp4 */; };
		47BD0D192932842E00104FF7 /* hippo.mp4 in Resources */ = {isa = PBXBuildFile; fileRef = 47BD0D0F2932842D00104FF7 /* hippo.mp4 */; };
		47BD0D1A2932842E00104FF7 /* lioness.mp4 in Resources */ = {isa = PBXBuildFile; fileRef = 47BD0D102932842D00104FF7 /* lioness.mp4 */; };
		47BD0D1B2932842E00104FF7 /* ostrich.mp4 in Resources */ = {isa = PBXBuildFile; fileRef = 47BD0D112932842D00104FF7 /* ostrich.mp4 */; };
		47BD0D1C2932842E00104FF7 /* cheetah.mp4 in Resources */ = {isa = PBXBuildFile; fileRef = 47BD0D122932842E00104FF7 /* cheetah.mp4 */; };
		47BD0D1D2932842E00104FF7 /* zebra.mp4 in Resources */ = {isa = PBXBuildFile; fileRef = 47BD0D132932842E00104FF7 /* zebra.mp4 */; };
		47BD0D1E2932842E00104FF7 /* lion.mp4 in Resources */ = {isa = PBXBuildFile; fileRef = 47BD0D142932842E00104FF7 /* lion.mp4 */; };
		47BD0D1F2932842E00104FF7 /* gorilla.mp4 in Resources */ = {isa = PBXBuildFile; fileRef = 47BD0D152932842E00104FF7 /* gorilla.mp4 */; };
		47BD0D202932842E00104FF7 /* giraffe.mp4 in Resources */ = {isa = PBXBuildFile; fileRef = 47BD0D162932842E00104FF7 /* giraffe.mp4 */; };
		47BD0D26293284E500104FF7 /* covers.json in Resources */ = {isa = PBXBuildFile; fileRef = 47BD0D22293284E500104FF7 /* covers.json */; };
		47BD0D27293284E500104FF7 /* videos.json in Resources */ = {isa = PBXBuildFile; fileRef = 47BD0D23293284E500104FF7 /* videos.json */; };
		47BD0D28293284E500104FF7 /* locations.json in Resources */ = {isa = PBXBuildFile; fileRef = 47BD0D24293284E500104FF7 /* locations.json */; };
		47BD0D29293284E500104FF7 /* animals.json in Resources */ = {isa = PBXBuildFile; fileRef = 47BD0D25293284E500104FF7 /* animals.json */; };
		47BD0D2E2932886300104FF7 /* VideoListView.swift in Sources */ = {isa = PBXBuildFile; fileRef = 47BD0D2D2932886300104FF7 /* VideoListView.swift */; };
		47BD0D302932889B00104FF7 /* MapView.swift in Sources */ = {isa = PBXBuildFile; fileRef = 47BD0D2F2932889B00104FF7 /* MapView.swift */; };
		47BD0D32293288B100104FF7 /* GalleryView.swift in Sources */ = {isa = PBXBuildFile; fileRef = 47BD0D31293288B100104FF7 /* GalleryView.swift */; };
		47BD0D34293288C800104FF7 /* MainView.swift in Sources */ = {isa = PBXBuildFile; fileRef = 47BD0D33293288C800104FF7 /* MainView.swift */; };
		47BD0D3729328DFE00104FF7 /* CoverImageView.swift in Sources */ = {isa = PBXBuildFile; fileRef = 47BD0D3629328DFE00104FF7 /* CoverImageView.swift */; };
		47BD0D3A29328F4300104FF7 /* CoverImageModel.swift in Sources */ = {isa = PBXBuildFile; fileRef = 47BD0D3929328F4300104FF7 /* CoverImageModel.swift */; };
		47BD0D3D29328FC700104FF7 /* CodableBundleExtension.swift in Sources */ = {isa = PBXBuildFile; fileRef = 47BD0D3C29328FC700104FF7 /* CodableBundleExtension.swift */; };
/* End PBXBuildFile section */

/* Begin PBXFileReference section */
		47BD0CFB2932810E00104FF7 /* Africa.app */ = {isa = PBXFileReference; explicitFileType = wrapper.application; includeInIndex = 0; path = Africa.app; sourceTree = BUILT_PRODUCTS_DIR; };
		47BD0CFE2932810E00104FF7 /* AfricaApp.swift */ = {isa = PBXFileReference; lastKnownFileType = sourcecode.swift; path = AfricaApp.swift; sourceTree = "<group>"; };
		47BD0D002932810E00104FF7 /* ContentView.swift */ = {isa = PBXFileReference; lastKnownFileType = sourcecode.swift; path = ContentView.swift; sourceTree = "<group>"; };
		47BD0D022932811000104FF7 /* Assets.xcassets */ = {isa = PBXFileReference; lastKnownFileType = folder.assetcatalog; path = Assets.xcassets; sourceTree = "<group>"; };
		47BD0D052932811000104FF7 /* Preview Assets.xcassets */ = {isa = PBXFileReference; lastKnownFileType = folder.assetcatalog; path = "Preview Assets.xcassets"; sourceTree = "<group>"; };
		47BD0D0D2932842C00104FF7 /* elephant.mp4 */ = {isa = PBXFileReference; lastKnownFileType = file; path = elephant.mp4; sourceTree = "<group>"; };
		47BD0D0E2932842D00104FF7 /* rhino.mp4 */ = {isa = PBXFileReference; lastKnownFileType = file; path = rhino.mp4; sourceTree = "<group>"; };
		47BD0D0F2932842D00104FF7 /* hippo.mp4 */ = {isa = PBXFileReference; lastKnownFileType = file; path = hippo.mp4; sourceTree = "<group>"; };
		47BD0D102932842D00104FF7 /* lioness.mp4 */ = {isa = PBXFileReference; lastKnownFileType = file; path = lioness.mp4; sourceTree = "<group>"; };
		47BD0D112932842D00104FF7 /* ostrich.mp4 */ = {isa = PBXFileReference; lastKnownFileType = file; path = ostrich.mp4; sourceTree = "<group>"; };
		47BD0D122932842E00104FF7 /* cheetah.mp4 */ = {isa = PBXFileReference; lastKnownFileType = file; path = cheetah.mp4; sourceTree = "<group>"; };
		47BD0D132932842E00104FF7 /* zebra.mp4 */ = {isa = PBXFileReference; lastKnownFileType = file; path = zebra.mp4; sourceTree = "<group>"; };
		47BD0D142932842E00104FF7 /* lion.mp4 */ = {isa = PBXFileReference; lastKnownFileType = file; path = lion.mp4; sourceTree = "<group>"; };
		47BD0D152932842E00104FF7 /* gorilla.mp4 */ = {isa = PBXFileReference; lastKnownFileType = file; path = gorilla.mp4; sourceTree = "<group>"; };
		47BD0D162932842E00104FF7 /* giraffe.mp4 */ = {isa = PBXFileReference; lastKnownFileType = file; path = giraffe.mp4; sourceTree = "<group>"; };
		47BD0D22293284E500104FF7 /* covers.json */ = {isa = PBXFileReference; fileEncoding = 4; lastKnownFileType = text.json; path = covers.json; sourceTree = "<group>"; };
		47BD0D23293284E500104FF7 /* videos.json */ = {isa = PBXFileReference; fileEncoding = 4; lastKnownFileType = text.json; path = videos.json; sourceTree = "<group>"; };
		47BD0D24293284E500104FF7 /* locations.json */ = {isa = PBXFileReference; fileEncoding = 4; lastKnownFileType = text.json; path = locations.json; sourceTree = "<group>"; };
		47BD0D25293284E500104FF7 /* animals.json */ = {isa = PBXFileReference; fileEncoding = 4; lastKnownFileType = text.json; path = animals.json; sourceTree = "<group>"; };
		47BD0D2A293285BC00104FF7 /* Info.plist */ = {isa = PBXFileReference; lastKnownFileType = text.plist; path = Info.plist; sourceTree = "<group>"; };
		47BD0D2D2932886300104FF7 /* VideoListView.swift */ = {isa = PBXFileReference; lastKnownFileType = sourcecode.swift; path = VideoListView.swift; sourceTree = "<group>"; };
		47BD0D2F2932889B00104FF7 /* MapView.swift */ = {isa = PBXFileReference; lastKnownFileType = sourcecode.swift; path = MapView.swift; sourceTree = "<group>"; };
		47BD0D31293288B100104FF7 /* GalleryView.swift */ = {isa = PBXFileReference; lastKnownFileType = sourcecode.swift; path = GalleryView.swift; sourceTree = "<group>"; };
		47BD0D33293288C800104FF7 /* MainView.swift */ = {isa = PBXFileReference; lastKnownFileType = sourcecode.swift; path = MainView.swift; sourceTree = "<group>"; };
		47BD0D3629328DFE00104FF7 /* CoverImageView.swift */ = {isa = PBXFileReference; lastKnownFileType = sourcecode.swift; path = CoverImageView.swift; sourceTree = "<group>"; };
		47BD0D3929328F4300104FF7 /* CoverImageModel.swift */ = {isa = PBXFileReference; lastKnownFileType = sourcecode.swift; path = CoverImageModel.swift; sourceTree = "<group>"; };
		47BD0D3C29328FC700104FF7 /* CodableBundleExtension.swift */ = {isa = PBXFileReference; lastKnownFileType = sourcecode.swift; path = CodableBundleExtension.swift; sourceTree = "<group>"; };
/* End PBXFileReference section */

/* Begin PBXFrameworksBuildPhase section */
		47BD0CF82932810E00104FF7 /* Frameworks */ = {
			isa = PBXFrameworksBuildPhase;
			buildActionMask = 2147483647;
			files = (
			);
			runOnlyForDeploymentPostprocessing = 0;
		};
/* End PBXFrameworksBuildPhase section */

/* Begin PBXGroup section */
		47BD0CF22932810E00104FF7 = {
			isa = PBXGroup;
			children = (
				47BD0CFD2932810E00104FF7 /* Africa */,
				47BD0CFC2932810E00104FF7 /* Products */,
			);
			sourceTree = "<group>";
		};
		47BD0CFC2932810E00104FF7 /* Products */ = {
			isa = PBXGroup;
			children = (
				47BD0CFB2932810E00104FF7 /* Africa.app */,
			);
			name = Products;
			sourceTree = "<group>";
		};
		47BD0CFD2932810E00104FF7 /* Africa */ = {
			isa = PBXGroup;
			children = (
				47BD0D3B29328FA500104FF7 /* Extension */,
				47BD0D3829328F2800104FF7 /* Model */,
				47BD0D3529328DE700104FF7 /* View */,
				47BD0D2A293285BC00104FF7 /* Info.plist */,
				47BD0D21293284A200104FF7 /* Data */,
				47BD0D0C2932840500104FF7 /* Video */,
				47BD0D2C293287DE00104FF7 /* App */,
				47BD0D022932811000104FF7 /* Assets.xcassets */,
				47BD0D042932811000104FF7 /* Preview Content */,
			);
			path = Africa;
			sourceTree = "<group>";
		};
		47BD0D042932811000104FF7 /* Preview Content */ = {
			isa = PBXGroup;
			children = (
				47BD0D052932811000104FF7 /* Preview Assets.xcassets */,
			);
			path = "Preview Content";
			sourceTree = "<group>";
		};
		47BD0D0C2932840500104FF7 /* Video */ = {
			isa = PBXGroup;
			children = (
				47BD0D122932842E00104FF7 /* cheetah.mp4 */,
				47BD0D0D2932842C00104FF7 /* elephant.mp4 */,
				47BD0D162932842E00104FF7 /* giraffe.mp4 */,
				47BD0D152932842E00104FF7 /* gorilla.mp4 */,
				47BD0D0F2932842D00104FF7 /* hippo.mp4 */,
				47BD0D142932842E00104FF7 /* lion.mp4 */,
				47BD0D102932842D00104FF7 /* lioness.mp4 */,
				47BD0D112932842D00104FF7 /* ostrich.mp4 */,
				47BD0D0E2932842D00104FF7 /* rhino.mp4 */,
				47BD0D132932842E00104FF7 /* zebra.mp4 */,
			);
			path = Video;
			sourceTree = "<group>";
		};
		47BD0D21293284A200104FF7 /* Data */ = {
			isa = PBXGroup;
			children = (
				47BD0D25293284E500104FF7 /* animals.json */,
				47BD0D22293284E500104FF7 /* covers.json */,
				47BD0D24293284E500104FF7 /* locations.json */,
				47BD0D23293284E500104FF7 /* videos.json */,
			);
			path = Data;
			sourceTree = "<group>";
		};
		47BD0D2C293287DE00104FF7 /* App */ = {
			isa = PBXGroup;
			children = (
				47BD0CFE2932810E00104FF7 /* AfricaApp.swift */,
				47BD0D002932810E00104FF7 /* ContentView.swift */,
				47BD0D2D2932886300104FF7 /* VideoListView.swift */,
				47BD0D2F2932889B00104FF7 /* MapView.swift */,
				47BD0D31293288B100104FF7 /* GalleryView.swift */,
				47BD0D33293288C800104FF7 /* MainView.swift */,
			);
			path = App;
			sourceTree = "<group>";
		};
		47BD0D3529328DE700104FF7 /* View */ = {
			isa = PBXGroup;
			children = (
				47BD0D3629328DFE00104FF7 /* CoverImageView.swift */,
			);
			path = View;
			sourceTree = "<group>";
		};
		47BD0D3829328F2800104FF7 /* Model */ = {
			isa = PBXGroup;
			children = (
				47BD0D3929328F4300104FF7 /* CoverImageModel.swift */,
			);
			path = Model;
			sourceTree = "<group>";
		};
		47BD0D3B29328FA500104FF7 /* Extension */ = {
			isa = PBXGroup;
			children = (
				47BD0D3C29328FC700104FF7 /* CodableBundleExtension.swift */,
			);
			path = Extension;
			sourceTree = "<group>";
		};
/* End PBXGroup section */

/* Begin PBXNativeTarget section */
		47BD0CFA2932810E00104FF7 /* Africa */ = {
			isa = PBXNativeTarget;
			buildConfigurationList = 47BD0D092932811000104FF7 /* Build configuration list for PBXNativeTarget "Africa" */;
			buildPhases = (
				47BD0CF72932810E00104FF7 /* Sources */,
				47BD0CF82932810E00104FF7 /* Frameworks */,
				47BD0CF92932810E00104FF7 /* Resources */,
			);
			buildRules = (
			);
			dependencies = (
			);
			name = Africa;
			productName = Africa;
			productReference = 47BD0CFB2932810E00104FF7 /* Africa.app */;
			productType = "com.apple.product-type.application";
		};
/* End PBXNativeTarget section */

/* Begin PBXProject section */
		47BD0CF32932810E00104FF7 /* Project object */ = {
			isa = PBXProject;
			attributes = {
				BuildIndependentTargetsInParallel = 1;
				LastSwiftUpdateCheck = 1410;
				LastUpgradeCheck = 1410;
				TargetAttributes = {
					47BD0CFA2932810E00104FF7 = {
						CreatedOnToolsVersion = 14.1;
					};
				};
			};
			buildConfigurationList = 47BD0CF62932810E00104FF7 /* Build configuration list for PBXProject "Africa" */;
			compatibilityVersion = "Xcode 14.0";
			developmentRegion = en;
			hasScannedForEncodings = 0;
			knownRegions = (
				en,
				Base,
			);
			mainGroup = 47BD0CF22932810E00104FF7;
			productRefGroup = 47BD0CFC2932810E00104FF7 /* Products */;
			projectDirPath = "";
			projectRoot = "";
			targets = (
				47BD0CFA2932810E00104FF7 /* Africa */,
			);
		};
/* End PBXProject section */

/* Begin PBXResourcesBuildPhase section */
		47BD0CF92932810E00104FF7 /* Resources */ = {
			isa = PBXResourcesBuildPhase;
			buildActionMask = 2147483647;
			files = (
				47BD0D26293284E500104FF7 /* covers.json in Resources */,
				47BD0D192932842E00104FF7 /* hippo.mp4 in Resources */,
				47BD0D1B2932842E00104FF7 /* ostrich.mp4 in Resources */,
				47BD0D27293284E500104FF7 /* videos.json in Resources */,
				47BD0D202932842E00104FF7 /* giraffe.mp4 in Resources */,
				47BD0D182932842E00104FF7 /* rhino.mp4 in Resources */,
				47BD0D1E2932842E00104FF7 /* lion.mp4 in Resources */,
				47BD0D28293284E500104FF7 /* locations.json in Resources */,
				47BD0D062932811000104FF7 /* Preview Assets.xcassets in Resources */,
				47BD0D29293284E500104FF7 /* animals.json in Resources */,
				47BD0D1C2932842E00104FF7 /* cheetah.mp4 in Resources */,
				47BD0D032932811000104FF7 /* Assets.xcassets in Resources */,
				47BD0D172932842E00104FF7 /* elephant.mp4 in Resources */,
				47BD0D1D2932842E00104FF7 /* zebra.mp4 in Resources */,
				47BD0D1A2932842E00104FF7 /* lioness.mp4 in Resources */,
				47BD0D1F2932842E00104FF7 /* gorilla.mp4 in Resources */,
			);
			runOnlyForDeploymentPostprocessing = 0;
		};
/* End PBXResourcesBuildPhase section */

/* Begin PBXSourcesBuildPhase section */
		47BD0CF72932810E00104FF7 /* Sources */ = {
			isa = PBXSourcesBuildPhase;
			buildActionMask = 2147483647;
			files = (
				47BD0D012932810E00104FF7 /* ContentView.swift in Sources */,
				47BD0D34293288C800104FF7 /* MainView.swift in Sources */,
				47BD0D3729328DFE00104FF7 /* CoverImageView.swift in Sources */,
				47BD0D3A29328F4300104FF7 /* CoverImageModel.swift in Sources */,
				47BD0D302932889B00104FF7 /* MapView.swift in Sources */,
				47BD0CFF2932810E00104FF7 /* AfricaApp.swift in Sources */,
				47BD0D2E2932886300104FF7 /* VideoListView.swift in Sources */,
				47BD0D32293288B100104FF7 /* GalleryView.swift in Sources */,
				47BD0D3D29328FC700104FF7 /* CodableBundleExtension.swift in Sources */,
			);
			runOnlyForDeploymentPostprocessing = 0;
		};
/* End PBXSourcesBuildPhase section */

/* Begin XCBuildConfiguration section */
		47BD0D072932811000104FF7 /* Debug */ = {
			isa = XCBuildConfiguration;
			buildSettings = {
				ALWAYS_SEARCH_USER_PATHS = NO;
				CLANG_ANALYZER_NONNULL = YES;
				CLANG_ANALYZER_NUMBER_OBJECT_CONVERSION = YES_AGGRESSIVE;
				CLANG_CXX_LANGUAGE_STANDARD = "gnu++20";
				CLANG_ENABLE_MODULES = YES;
				CLANG_ENABLE_OBJC_ARC = YES;
				CLANG_ENABLE_OBJC_WEAK = YES;
				CLANG_WARN_BLOCK_CAPTURE_AUTORELEASING = YES;
				CLANG_WARN_BOOL_CONVERSION = YES;
				CLANG_WARN_COMMA = YES;
				CLANG_WARN_CONSTANT_CONVERSION = YES;
				CLANG_WARN_DEPRECATED_OBJC_IMPLEMENTATIONS = YES;
				CLANG_WARN_DIRECT_OBJC_ISA_USAGE = YES_ERROR;
				CLANG_WARN_DOCUMENTATION_COMMENTS = YES;
				CLANG_WARN_EMPTY_BODY = YES;
				CLANG_WARN_ENUM_CONVERSION = YES;
				CLANG_WARN_INFINITE_RECURSION = YES;
				CLANG_WARN_INT_CONVERSION = YES;
				CLANG_WARN_NON_LITERAL_NULL_CONVERSION = YES;
				CLANG_WARN_OBJC_IMPLICIT_RETAIN_SELF = YES;
				CLANG_WARN_OBJC_LITERAL_CONVERSION = YES;
				CLANG_WARN_OBJC_ROOT_CLASS = YES_ERROR;
				CLANG_WARN_QUOTED_INCLUDE_IN_FRAMEWORK_HEADER = YES;
				CLANG_WARN_RANGE_LOOP_ANALYSIS = YES;
				CLANG_WARN_STRICT_PROTOTYPES = YES;
				CLANG_WARN_SUSPICIOUS_MOVE = YES;
				CLANG_WARN_UNGUARDED_AVAILABILITY = YES_AGGRESSIVE;
				CLANG_WARN_UNREACHABLE_CODE = YES;
				CLANG_WARN__DUPLICATE_METHOD_MATCH = YES;
				COPY_PHASE_STRIP = NO;
				DEBUG_INFORMATION_FORMAT = dwarf;
				ENABLE_STRICT_OBJC_MSGSEND = YES;
				ENABLE_TESTABILITY = YES;
				GCC_C_LANGUAGE_STANDARD = gnu11;
				GCC_DYNAMIC_NO_PIC = NO;
				GCC_NO_COMMON_BLOCKS = YES;
				GCC_OPTIMIZATION_LEVEL = 0;
				GCC_PREPROCESSOR_DEFINITIONS = (
					"DEBUG=1",
					"$(inherited)",
				);
				GCC_WARN_64_TO_32_BIT_CONVERSION = YES;
				GCC_WARN_ABOUT_RETURN_TYPE = YES_ERROR;
				GCC_WARN_UNDECLARED_SELECTOR = YES;
				GCC_WARN_UNINITIALIZED_AUTOS = YES_AGGRESSIVE;
				GCC_WARN_UNUSED_FUNCTION = YES;
				GCC_WARN_UNUSED_VARIABLE = YES;
				IPHONEOS_DEPLOYMENT_TARGET = 16.1;
				MTL_ENABLE_DEBUG_INFO = INCLUDE_SOURCE;
				MTL_FAST_MATH = YES;
				ONLY_ACTIVE_ARCH = YES;
				SDKROOT = iphoneos;
				SWIFT_ACTIVE_COMPILATION_CONDITIONS = DEBUG;
				SWIFT_OPTIMIZATION_LEVEL = "-Onone";
			};
			name = Debug;
		};
		47BD0D082932811000104FF7 /* Release */ = {
			isa = XCBuildConfiguration;
			buildSettings = {
				ALWAYS_SEARCH_USER_PATHS = NO;
				CLANG_ANALYZER_NONNULL = YES;
				CLANG_ANALYZER_NUMBER_OBJECT_CONVERSION = YES_AGGRESSIVE;
				CLANG_CXX_LANGUAGE_STANDARD = "gnu++20";
				CLANG_ENABLE_MODULES = YES;
				CLANG_ENABLE_OBJC_ARC = YES;
				CLANG_ENABLE_OBJC_WEAK = YES;
				CLANG_WARN_BLOCK_CAPTURE_AUTORELEASING = YES;
				CLANG_WARN_BOOL_CONVERSION = YES;
				CLANG_WARN_COMMA = YES;
				CLANG_WARN_CONSTANT_CONVERSION = YES;
				CLANG_WARN_DEPRECATED_OBJC_IMPLEMENTATIONS = YES;
				CLANG_WARN_DIRECT_OBJC_ISA_USAGE = YES_ERROR;
				CLANG_WARN_DOCUMENTATION_COMMENTS = YES;
				CLANG_WARN_EMPTY_BODY = YES;
				CLANG_WARN_ENUM_CONVERSION = YES;
				CLANG_WARN_INFINITE_RECURSION = YES;
				CLANG_WARN_INT_CONVERSION = YES;
				CLANG_WARN_NON_LITERAL_NULL_CONVERSION = YES;
				CLANG_WARN_OBJC_IMPLICIT_RETAIN_SELF = YES;
				CLANG_WARN_OBJC_LITERAL_CONVERSION = YES;
				CLANG_WARN_OBJC_ROOT_CLASS = YES_ERROR;
				CLANG_WARN_QUOTED_INCLUDE_IN_FRAMEWORK_HEADER = YES;
				CLANG_WARN_RANGE_LOOP_ANALYSIS = YES;
				CLANG_WARN_STRICT_PROTOTYPES = YES;
				CLANG_WARN_SUSPICIOUS_MOVE = YES;
				CLANG_WARN_UNGUARDED_AVAILABILITY = YES_AGGRESSIVE;
				CLANG_WARN_UNREACHABLE_CODE = YES;
				CLANG_WARN__DUPLICATE_METHOD_MATCH = YES;
				COPY_PHASE_STRIP = NO;
				DEBUG_INFORMATION_FORMAT = "dwarf-with-dsym";
				ENABLE_NS_ASSERTIONS = NO;
				ENABLE_STRICT_OBJC_MSGSEND = YES;
				GCC_C_LANGUAGE_STANDARD = gnu11;
				GCC_NO_COMMON_BLOCKS = YES;
				GCC_WARN_64_TO_32_BIT_CONVERSION = YES;
				GCC_WARN_ABOUT_RETURN_TYPE = YES_ERROR;
				GCC_WARN_UNDECLARED_SELECTOR = YES;
				GCC_WARN_UNINITIALIZED_AUTOS = YES_AGGRESSIVE;
				GCC_WARN_UNUSED_FUNCTION = YES;
				GCC_WARN_UNUSED_VARIABLE = YES;
				IPHONEOS_DEPLOYMENT_TARGET = 16.1;
				MTL_ENABLE_DEBUG_INFO = NO;
				MTL_FAST_MATH = YES;
				SDKROOT = iphoneos;
				SWIFT_COMPILATION_MODE = wholemodule;
				SWIFT_OPTIMIZATION_LEVEL = "-O";
				VALIDATE_PRODUCT = YES;
			};
			name = Release;
		};
		47BD0D0A2932811000104FF7 /* Debug */ = {
			isa = XCBuildConfiguration;
			buildSettings = {
				ASSETCATALOG_COMPILER_APPICON_NAME = AppIcon;
				ASSETCATALOG_COMPILER_GLOBAL_ACCENT_COLOR_NAME = AccentColor;
				CODE_SIGN_STYLE = Automatic;
				CURRENT_PROJECT_VERSION = 1;
				DEVELOPMENT_ASSET_PATHS = "\"Africa/Preview Content\"";
				DEVELOPMENT_TEAM = YP493QTWW8;
				ENABLE_PREVIEWS = YES;
				GENERATE_INFOPLIST_FILE = YES;
				INFOPLIST_FILE = Africa/Info.plist;
				INFOPLIST_KEY_UIApplicationSceneManifest_Generation = YES;
				INFOPLIST_KEY_UIApplicationSupportsIndirectInputEvents = YES;
				INFOPLIST_KEY_UISupportedInterfaceOrientations_iPad = "UIInterfaceOrientationPortrait UIInterfaceOrientationPortraitUpsideDown UIInterfaceOrientationLandscapeLeft UIInterfaceOrientationLandscapeRight";
				INFOPLIST_KEY_UISupportedInterfaceOrientations_iPhone = "UIInterfaceOrientationPortrait UIInterfaceOrientationLandscapeLeft UIInterfaceOrientationLandscapeRight";
				INFOPLIST_KEY_UIUserInterfaceStyle = Dark;
				LD_RUNPATH_SEARCH_PATHS = (
					"$(inherited)",
					"@executable_path/Frameworks",
				);
				MARKETING_VERSION = 1.0;
				PRODUCT_BUNDLE_IDENTIFIER = com.bishwa.iosdev.Africa;
				PRODUCT_NAME = "$(TARGET_NAME)";
				SWIFT_EMIT_LOC_STRINGS = YES;
				SWIFT_VERSION = 5.0;
				TARGETED_DEVICE_FAMILY = "1,2";
			};
			name = Debug;
		};
		47BD0D0B2932811000104FF7 /* Release */ = {
			isa = XCBuildConfiguration;
			buildSettings = {
				ASSETCATALOG_COMPILER_APPICON_NAME = AppIcon;
				ASSETCATALOG_COMPILER_GLOBAL_ACCENT_COLOR_NAME = AccentColor;
				CODE_SIGN_STYLE = Automatic;
				CURRENT_PROJECT_VERSION = 1;
				DEVELOPMENT_ASSET_PATHS = "\"Africa/Preview Content\"";
				DEVELOPMENT_TEAM = YP493QTWW8;
				ENABLE_PREVIEWS = YES;
				GENERATE_INFOPLIST_FILE = YES;
				INFOPLIST_FILE = Africa/Info.plist;
				INFOPLIST_KEY_UIApplicationSceneManifest_Generation = YES;
				INFOPLIST_KEY_UIApplicationSupportsIndirectInputEvents = YES;
				INFOPLIST_KEY_UISupportedInterfaceOrientations_iPad = "UIInterfaceOrientationPortrait UIInterfaceOrientationPortraitUpsideDown UIInterfaceOrientationLandscapeLeft UIInterfaceOrientationLandscapeRight";
				INFOPLIST_KEY_UISupportedInterfaceOrientations_iPhone = "UIInterfaceOrientationPortrait UIInterfaceOrientationLandscapeLeft UIInterfaceOrientationLandscapeRight";
				INFOPLIST_KEY_UIUserInterfaceStyle = Dark;
				LD_RUNPATH_SEARCH_PATHS = (
					"$(inherited)",
					"@executable_path/Frameworks",
				);
				MARKETING_VERSION = 1.0;
				PRODUCT_BUNDLE_IDENTIFIER = com.bishwa.iosdev.Africa;
				PRODUCT_NAME = "$(TARGET_NAME)";
				SWIFT_EMIT_LOC_STRINGS = YES;
				SWIFT_VERSION = 5.0;
				TARGETED_DEVICE_FAMILY = "1,2";
			};
			name = Release;
		};
/* End XCBuildConfiguration section */

/* Begin XCConfigurationList section */
		47BD0CF62932810E00104FF7 /* Build configuration list for PBXProject "Africa" */ = {
			isa = XCConfigurationList;
			buildConfigurations = (
				47BD0D072932811000104FF7 /* Debug */,
				47BD0D082932811000104FF7 /* Release */,
			);
			defaultConfigurationIsVisible = 0;
			defaultConfigurationName = Release;
		};
		47BD0D092932811000104FF7 /* Build configuration list for PBXNativeTarget "Africa" */ = {
			isa = XCConfigurationList;
			buildConfigurations = (
				47BD0D0A2932811000104FF7 /* Debug */,
				47BD0D0B2932811000104FF7 /* Release */,
			);
			defaultConfigurationIsVisible = 0;
			defaultConfigurationName = Release;
		};
/* End XCConfigurationList section */
	};
	rootObject = 47BD0CF32932810E00104FF7 /* Project object */;
}
